
Microsoft Visual Studio Solution File, Format Version 12.00
# Visual Studio Version 17
VisualStudioVersion = 17.10.35004.147
MinimumVisualStudioVersion = 10.0.40219.1
Project("{FAE04EC0-301F-11D3-BF4B-00C04F79EFBC}") = "wlasnaStruktura", "wlasnaStruktura.csproj", "{611C2707-191E-411F-8937-1675CB70065E}"
EndProject
Global
	GlobalSection(SolutionConfigurationPlatforms) = preSolution
		Debug|Any CPU = Debug|Any CPU
		Release|Any CPU = Release|Any CPU
	EndGlobalSection
	GlobalSection(ProjectConfigurationPlatforms) = postSolution
		{611C2707-191E-411F-8937-1675CB70065E}.Debug|Any CPU.ActiveCfg = Debug|Any CPU
		{611C2707-191E-411F-8937-1675CB70065E}.Debug|Any CPU.Build.0 = Debug|Any CPU
		{611C2707-191E-411F-8937-1675CB70065E}.Release|Any CPU.ActiveCfg = Release|Any CPU
		{611C2707-191E-411F-8937-1675CB70065E}.Release|Any CPU.Build.0 = Release|Any CPU
	EndGlobalSection
	GlobalSection(SolutionProperties) = preSolution
		HideSolutionNode = FALSE
	EndGlobalSection
	GlobalSection(ExtensibilityGlobals) = postSolution
		SolutionGuid = {7A865BC0-0070-4932-A52A-6500F1D3C84E}
	EndGlobalSection
EndGlobal
